
Microsoft Visual Studio Solution File, Format Version 12.00
# Visual Studio 2012
Project("{FAE04EC0-301F-11D3-BF4B-00C04F79EFBC}") = "CSharpExcercise", "CSharpExcercise\CSharpExcercise.csproj", "{957C21FA-BA3B-40A0-8F47-42E76F2CC6DD}"
EndProject
Global
	GlobalSection(SolutionConfigurationPlatforms) = preSolution
		Debug|Any CPU = Debug|Any CPU
		Release|Any CPU = Release|Any CPU
	EndGlobalSection
	GlobalSection(ProjectConfigurationPlatforms) = postSolution
		{957C21FA-BA3B-40A0-8F47-42E76F2CC6DD}.Debug|Any CPU.ActiveCfg = Debug|Any CPU
		{957C21FA-BA3B-40A0-8F47-42E76F2CC6DD}.Debug|Any CPU.Build.0 = Debug|Any CPU
		{957C21FA-BA3B-40A0-8F47-42E76F2CC6DD}.Release|Any CPU.ActiveCfg = Release|Any CPU
		{957C21FA-BA3B-40A0-8F47-42E76F2CC6DD}.Release|Any CPU.Build.0 = Release|Any CPU
	EndGlobalSection
	GlobalSection(SolutionProperties) = preSolution
		HideSolutionNode = FALSE
	EndGlobalSection
EndGlobal
